// !$*UTF8*$!
{
	archiveVersion = 1;
	classes = {
	};
	objectVersion = 46;
	objects = {

/* Begin PBXBuildFile section */
		4B3582721DE79BF6008DE1BD /* GeoLocationViewController.m in Sources */ = {isa = PBXBuildFile; fileRef = 4B3582711DE79BF6008DE1BD /* GeoLocationViewController.m */; };
		4B3582741DE79C63008DE1BD /* StateCounties.csv in Resources */ = {isa = PBXBuildFile; fileRef = 4B3582731DE79C63008DE1BD /* StateCounties.csv */; };
		4B3582771DE79C9A008DE1BD /* CountryList.csv in Resources */ = {isa = PBXBuildFile; fileRef = 4B3582761DE79C9A008DE1BD /* CountryList.csv */; };
		4B35827A1DE79CC9008DE1BD /* GeoDataLoader.m in Sources */ = {isa = PBXBuildFile; fileRef = 4B3582791DE79CC9008DE1BD /* GeoDataLoader.m */; };
		4B394E131DEA3D39004C5E1A /* GoogleService-Info.plist in Resources */ = {isa = PBXBuildFile; fileRef = 4B394E121DEA3D39004C5E1A /* GoogleService-Info.plist */; };
		4B394E161DEA3D8F004C5E1A /* FirebaseManager.m in Sources */ = {isa = PBXBuildFile; fileRef = 4B394E151DEA3D8F004C5E1A /* FirebaseManager.m */; };
		4B4961331DE63EFA0085D4FE /* main.m in Sources */ = {isa = PBXBuildFile; fileRef = 4B4961321DE63EFA0085D4FE /* main.m */; };
		4B4961361DE63EFA0085D4FE /* AppDelegate.m in Sources */ = {isa = PBXBuildFile; fileRef = 4B4961351DE63EFA0085D4FE /* AppDelegate.m */; };
		4B4961391DE63EFA0085D4FE /* IntroViewController.m in Sources */ = {isa = PBXBuildFile; fileRef = 4B4961381DE63EFA0085D4FE /* IntroViewController.m */; };
		4B49613C1DE63EFA0085D4FE /* Main.storyboard in Resources */ = {isa = PBXBuildFile; fileRef = 4B49613A1DE63EFA0085D4FE /* Main.storyboard */; };
		4B49613F1DE63EFA0085D4FE /* SorghumYield.xcdatamodeld in Sources */ = {isa = PBXBuildFile; fileRef = 4B49613D1DE63EFA0085D4FE /* SorghumYield.xcdatamodeld */; };
		4B4961411DE63EFA0085D4FE /* Assets.xcassets in Resources */ = {isa = PBXBuildFile; fileRef = 4B4961401DE63EFA0085D4FE /* Assets.xcassets */; };
		4B4961441DE63EFA0085D4FE /* LaunchScreen.storyboard in Resources */ = {isa = PBXBuildFile; fileRef = 4B4961421DE63EFA0085D4FE /* LaunchScreen.storyboard */; };
		4B49614E1DE641590085D4FE /* ImageAnalysis.mm in Sources */ = {isa = PBXBuildFile; fileRef = 4B49614C1DE641590085D4FE /* ImageAnalysis.mm */; };
		4B61038D1DEB39B7009C9661 /* AdditionalInfoTableViewController.m in Sources */ = {isa = PBXBuildFile; fileRef = 4B61038C1DEB39B7009C9661 /* AdditionalInfoTableViewController.m */; };
		4B6647661DE9D458001666C3 /* PageContentViewController.m in Sources */ = {isa = PBXBuildFile; fileRef = 4B6647651DE9D458001666C3 /* PageContentViewController.m */; };
		4B6647691DE9D636001666C3 /* PageRootViewController.m in Sources */ = {isa = PBXBuildFile; fileRef = 4B6647681DE9D636001666C3 /* PageRootViewController.m */; };
		4B66476C1DE9F006001666C3 /* PhotoPickerViewController.m in Sources */ = {isa = PBXBuildFile; fileRef = 4B66476B1DE9F006001666C3 /* PhotoPickerViewController.m */; };
		4B6647701DE9F046001666C3 /* Measurement.m in Sources */ = {isa = PBXBuildFile; fileRef = 4B66476F1DE9F046001666C3 /* Measurement.m */; };
		4B6647731DE9F0EF001666C3 /* ImageAcceptingViewController.m in Sources */ = {isa = PBXBuildFile; fileRef = 4B6647721DE9F0EF001666C3 /* ImageAcceptingViewController.m */; };
		4B6647761DEA3370001666C3 /* ResultViewController.m in Sources */ = {isa = PBXBuildFile; fileRef = 4B6647751DEA3370001666C3 /* ResultViewController.m */; };
		4B806B8C1DE65B3900768A09 /* BaseViewController.m in Sources */ = {isa = PBXBuildFile; fileRef = 4B806B8B1DE65B3900768A09 /* BaseViewController.m */; };
		4B806B921DE65E3E00768A09 /* FieldDataViewController.m in Sources */ = {isa = PBXBuildFile; fileRef = 4B806B911DE65E3E00768A09 /* FieldDataViewController.m */; };
		4B806B961DE6613200768A09 /* UITextField+TFCustomization.m in Sources */ = {isa = PBXBuildFile; fileRef = 4B806B951DE6613200768A09 /* UITextField+TFCustomization.m */; };
		8D2B816F578FA08401954543 /* libPods-SorghumYield.a in Frameworks */ = {isa = PBXBuildFile; fileRef = 3981273769D6F9A09CC957E7 /* libPods-SorghumYield.a */; };
/* End PBXBuildFile section */

/* Begin PBXFileReference section */
		3981273769D6F9A09CC957E7 /* libPods-SorghumYield.a */ = {isa = PBXFileReference; explicitFileType = archive.ar; includeInIndex = 0; path = "libPods-SorghumYield.a"; sourceTree = BUILT_PRODUCTS_DIR; };
		4B35826D1DE77956008DE1BD /* DataController.h */ = {isa = PBXFileReference; fileEncoding = 4; lastKnownFileType = sourcecode.c.h; name = DataController.h; path = SorghumYield/DataController.h; sourceTree = "<group>"; };
		4B3582701DE79BF6008DE1BD /* GeoLocationViewController.h */ = {isa = PBXFileReference; fileEncoding = 4; lastKnownFileType = sourcecode.c.h; name = GeoLocationViewController.h; path = SorghumYield/GeoLocationViewController.h; sourceTree = "<group>"; };
		4B3582711DE79BF6008DE1BD /* GeoLocationViewController.m */ = {isa = PBXFileReference; fileEncoding = 4; lastKnownFileType = sourcecode.c.objc; name = GeoLocationViewController.m; path = SorghumYield/GeoLocationViewController.m; sourceTree = "<group>"; };
		4B3582731DE79C63008DE1BD /* StateCounties.csv */ = {isa = PBXFileReference; fileEncoding = 4; lastKnownFileType = text; name = StateCounties.csv; path = SorghumYield/StateCounties.csv; sourceTree = "<group>"; };
		4B3582761DE79C9A008DE1BD /* CountryList.csv */ = {isa = PBXFileReference; fileEncoding = 4; lastKnownFileType = text; name = CountryList.csv; path = SorghumYield/CountryList.csv; sourceTree = "<group>"; };
		4B3582781DE79CC9008DE1BD /* GeoDataLoader.h */ = {isa = PBXFileReference; fileEncoding = 4; lastKnownFileType = sourcecode.c.h; name = GeoDataLoader.h; path = SorghumYield/GeoDataLoader.h; sourceTree = "<group>"; };
		4B3582791DE79CC9008DE1BD /* GeoDataLoader.m */ = {isa = PBXFileReference; fileEncoding = 4; lastKnownFileType = sourcecode.c.objc; name = GeoDataLoader.m; path = SorghumYield/GeoDataLoader.m; sourceTree = "<group>"; };
		4B394E121DEA3D39004C5E1A /* GoogleService-Info.plist */ = {isa = PBXFileReference; fileEncoding = 4; lastKnownFileType = text.plist.xml; path = "GoogleService-Info.plist"; sourceTree = "<group>"; };
		4B394E141DEA3D8F004C5E1A /* FirebaseManager.h */ = {isa = PBXFileReference; fileEncoding = 4; lastKnownFileType = sourcecode.c.h; name = FirebaseManager.h; path = SorghumYield/FirebaseManager.h; sourceTree = "<group>"; };
		4B394E151DEA3D8F004C5E1A /* FirebaseManager.m */ = {isa = PBXFileReference; fileEncoding = 4; lastKnownFileType = sourcecode.c.objc; name = FirebaseManager.m; path = SorghumYield/FirebaseManager.m; sourceTree = "<group>"; };
		4B49612E1DE63EFA0085D4FE /* SorghumYield.app */ = {isa = PBXFileReference; explicitFileType = wrapper.application; includeInIndex = 0; path = SorghumYield.app; sourceTree = BUILT_PRODUCTS_DIR; };
		4B4961321DE63EFA0085D4FE /* main.m */ = {isa = PBXFileReference; lastKnownFileType = sourcecode.c.objc; path = main.m; sourceTree = "<group>"; };
		4B4961341DE63EFA0085D4FE /* AppDelegate.h */ = {isa = PBXFileReference; lastKnownFileType = sourcecode.c.h; path = AppDelegate.h; sourceTree = "<group>"; };
		4B4961351DE63EFA0085D4FE /* AppDelegate.m */ = {isa = PBXFileReference; lastKnownFileType = sourcecode.c.objc; path = AppDelegate.m; sourceTree = "<group>"; };
		4B4961371DE63EFA0085D4FE /* IntroViewController.h */ = {isa = PBXFileReference; lastKnownFileType = sourcecode.c.h; name = IntroViewController.h; path = SorghumYield/IntroViewController.h; sourceTree = "<group>"; };
		4B4961381DE63EFA0085D4FE /* IntroViewController.m */ = {isa = PBXFileReference; lastKnownFileType = sourcecode.c.objc; name = IntroViewController.m; path = SorghumYield/IntroViewController.m; sourceTree = "<group>"; };
		4B49613B1DE63EFA0085D4FE /* Base */ = {isa = PBXFileReference; lastKnownFileType = file.storyboard; name = Base; path = Base.lproj/Main.storyboard; sourceTree = "<group>"; };
		4B49613E1DE63EFA0085D4FE /* SorghumYield.xcdatamodel */ = {isa = PBXFileReference; lastKnownFileType = wrapper.xcdatamodel; path = SorghumYield.xcdatamodel; sourceTree = "<group>"; };
		4B4961401DE63EFA0085D4FE /* Assets.xcassets */ = {isa = PBXFileReference; lastKnownFileType = folder.assetcatalog; path = Assets.xcassets; sourceTree = "<group>"; };
		4B4961431DE63EFA0085D4FE /* Base */ = {isa = PBXFileReference; lastKnownFileType = file.storyboard; name = Base; path = Base.lproj/LaunchScreen.storyboard; sourceTree = "<group>"; };
		4B4961451DE63EFA0085D4FE /* Info.plist */ = {isa = PBXFileReference; lastKnownFileType = text.plist.xml; path = Info.plist; sourceTree = "<group>"; };
		4B49614C1DE641590085D4FE /* ImageAnalysis.mm */ = {isa = PBXFileReference; fileEncoding = 4; lastKnownFileType = sourcecode.cpp.objcpp; name = ImageAnalysis.mm; path = SorghumYield/ImageAnalysis.mm; sourceTree = "<group>"; };
		4B49614D1DE641590085D4FE /* ImageAnalysis.hpp */ = {isa = PBXFileReference; fileEncoding = 4; lastKnownFileType = sourcecode.cpp.h; name = ImageAnalysis.hpp; path = SorghumYield/ImageAnalysis.hpp; sourceTree = "<group>"; };
		4B6103871DEB356E009C9661 /* SorghumYield.entitlements */ = {isa = PBXFileReference; lastKnownFileType = text.plist.entitlements; path = SorghumYield.entitlements; sourceTree = "<group>"; };
		4B61038B1DEB39B7009C9661 /* AdditionalInfoTableViewController.h */ = {isa = PBXFileReference; fileEncoding = 4; lastKnownFileType = sourcecode.c.h; name = AdditionalInfoTableViewController.h; path = SorghumYield/AdditionalInfoTableViewController.h; sourceTree = "<group>"; };
		4B61038C1DEB39B7009C9661 /* AdditionalInfoTableViewController.m */ = {isa = PBXFileReference; fileEncoding = 4; lastKnownFileType = sourcecode.c.objc; name = AdditionalInfoTableViewController.m; path = SorghumYield/AdditionalInfoTableViewController.m; sourceTree = "<group>"; };
		4B6647641DE9D458001666C3 /* PageContentViewController.h */ = {isa = PBXFileReference; fileEncoding = 4; lastKnownFileType = sourcecode.c.h; name = PageContentViewController.h; path = SorghumYield/PageContentViewController.h; sourceTree = "<group>"; };
		4B6647651DE9D458001666C3 /* PageContentViewController.m */ = {isa = PBXFileReference; fileEncoding = 4; lastKnownFileType = sourcecode.c.objc; name = PageContentViewController.m; path = SorghumYield/PageContentViewController.m; sourceTree = "<group>"; };
		4B6647671DE9D636001666C3 /* PageRootViewController.h */ = {isa = PBXFileReference; fileEncoding = 4; lastKnownFileType = sourcecode.c.h; name = PageRootViewController.h; path = SorghumYield/PageRootViewController.h; sourceTree = "<group>"; };
		4B6647681DE9D636001666C3 /* PageRootViewController.m */ = {isa = PBXFileReference; fileEncoding = 4; lastKnownFileType = sourcecode.c.objc; name = PageRootViewController.m; path = SorghumYield/PageRootViewController.m; sourceTree = "<group>"; };
		4B66476A1DE9F006001666C3 /* PhotoPickerViewController.h */ = {isa = PBXFileReference; fileEncoding = 4; lastKnownFileType = sourcecode.c.h; name = PhotoPickerViewController.h; path = SorghumYield/PhotoPickerViewController.h; sourceTree = "<group>"; };
		4B66476B1DE9F006001666C3 /* PhotoPickerViewController.m */ = {isa = PBXFileReference; fileEncoding = 4; lastKnownFileType = sourcecode.c.objc; name = PhotoPickerViewController.m; path = SorghumYield/PhotoPickerViewController.m; sourceTree = "<group>"; };
		4B66476E1DE9F046001666C3 /* Measurement.h */ = {isa = PBXFileReference; fileEncoding = 4; lastKnownFileType = sourcecode.c.h; name = Measurement.h; path = SorghumYield/Measurement.h; sourceTree = "<group>"; };
		4B66476F1DE9F046001666C3 /* Measurement.m */ = {isa = PBXFileReference; fileEncoding = 4; lastKnownFileType = sourcecode.c.objc; name = Measurement.m; path = SorghumYield/Measurement.m; sourceTree = "<group>"; };
		4B6647711DE9F0EF001666C3 /* ImageAcceptingViewController.h */ = {isa = PBXFileReference; fileEncoding = 4; lastKnownFileType = sourcecode.c.h; name = ImageAcceptingViewController.h; path = SorghumYield/ImageAcceptingViewController.h; sourceTree = "<group>"; };
		4B6647721DE9F0EF001666C3 /* ImageAcceptingViewController.m */ = {isa = PBXFileReference; fileEncoding = 4; lastKnownFileType = sourcecode.c.objc; name = ImageAcceptingViewController.m; path = SorghumYield/ImageAcceptingViewController.m; sourceTree = "<group>"; };
		4B6647741DEA3370001666C3 /* ResultViewController.h */ = {isa = PBXFileReference; fileEncoding = 4; lastKnownFileType = sourcecode.c.h; name = ResultViewController.h; path = SorghumYield/ResultViewController.h; sourceTree = "<group>"; };
		4B6647751DEA3370001666C3 /* ResultViewController.m */ = {isa = PBXFileReference; fileEncoding = 4; lastKnownFileType = sourcecode.c.objc; name = ResultViewController.m; path = SorghumYield/ResultViewController.m; sourceTree = "<group>"; };
		4B806B8A1DE65B3900768A09 /* BaseViewController.h */ = {isa = PBXFileReference; fileEncoding = 4; lastKnownFileType = sourcecode.c.h; path = BaseViewController.h; sourceTree = "<group>"; };
		4B806B8B1DE65B3900768A09 /* BaseViewController.m */ = {isa = PBXFileReference; fileEncoding = 4; lastKnownFileType = sourcecode.c.objc; path = BaseViewController.m; sourceTree = "<group>"; };
		4B806B901DE65E3E00768A09 /* FieldDataViewController.h */ = {isa = PBXFileReference; fileEncoding = 4; lastKnownFileType = sourcecode.c.h; name = FieldDataViewController.h; path = SorghumYield/FieldDataViewController.h; sourceTree = "<group>"; };
		4B806B911DE65E3E00768A09 /* FieldDataViewController.m */ = {isa = PBXFileReference; fileEncoding = 4; lastKnownFileType = sourcecode.c.objc; name = FieldDataViewController.m; path = SorghumYield/FieldDataViewController.m; sourceTree = "<group>"; };
		4B806B941DE660C300768A09 /* UITextField+TFCustomization.h */ = {isa = PBXFileReference; fileEncoding = 4; lastKnownFileType = sourcecode.c.h; name = "UITextField+TFCustomization.h"; path = "SorghumYield/UITextField+TFCustomization.h"; sourceTree = "<group>"; };
		4B806B951DE6613200768A09 /* UITextField+TFCustomization.m */ = {isa = PBXFileReference; fileEncoding = 4; lastKnownFileType = sourcecode.c.objc; name = "UITextField+TFCustomization.m"; path = "SorghumYield/UITextField+TFCustomization.m"; sourceTree = "<group>"; };
		582259220ED452102DAAD6B9 /* Pods-SorghumYield.debug.xcconfig */ = {isa = PBXFileReference; includeInIndex = 1; lastKnownFileType = text.xcconfig; name = "Pods-SorghumYield.debug.xcconfig"; path = "Pods/Target Support Files/Pods-SorghumYield/Pods-SorghumYield.debug.xcconfig"; sourceTree = "<group>"; };
		FFECF1517F7E3C44C711BE11 /* Pods-SorghumYield.release.xcconfig */ = {isa = PBXFileReference; includeInIndex = 1; lastKnownFileType = text.xcconfig; name = "Pods-SorghumYield.release.xcconfig"; path = "Pods/Target Support Files/Pods-SorghumYield/Pods-SorghumYield.release.xcconfig"; sourceTree = "<group>"; };
/* End PBXFileReference section */

/* Begin PBXFrameworksBuildPhase section */
		4B49612B1DE63EFA0085D4FE /* Frameworks */ = {
			isa = PBXFrameworksBuildPhase;
			buildActionMask = 2147483647;
			files = (
				8D2B816F578FA08401954543 /* libPods-SorghumYield.a in Frameworks */,
			);
			runOnlyForDeploymentPostprocessing = 0;
		};
/* End PBXFrameworksBuildPhase section */

/* Begin PBXGroup section */
		30E5BA3A07A65EC48EBEA260 /* Frameworks */ = {
			isa = PBXGroup;
			children = (
				3981273769D6F9A09CC957E7 /* libPods-SorghumYield.a */,
			);
			name = Frameworks;
			sourceTree = "<group>";
		};
		4B35826C1DE77930008DE1BD /* CoreData */ = {
			isa = PBXGroup;
			children = (
				4B35826D1DE77956008DE1BD /* DataController.h */,
			);
			name = CoreData;
			sourceTree = "<group>";
		};
		4B3582751DE79C7D008DE1BD /* GeoData */ = {
			isa = PBXGroup;
			children = (
				4B3582731DE79C63008DE1BD /* StateCounties.csv */,
				4B3582761DE79C9A008DE1BD /* CountryList.csv */,
				4B3582781DE79CC9008DE1BD /* GeoDataLoader.h */,
				4B3582791DE79CC9008DE1BD /* GeoDataLoader.m */,
			);
			name = GeoData;
			sourceTree = "<group>";
		};
		4B4961251DE63EFA0085D4FE = {
			isa = PBXGroup;
			children = (
				4B806B6D1DE6588000768A09 /* Model */,
				4B49614B1DE640D00085D4FE /* Image Analysis */,
				4B4961301DE63EFA0085D4FE /* SorghumYield */,
				4B49612F1DE63EFA0085D4FE /* Products */,
				6220F7803D13F35EB4629859 /* Pods */,
				30E5BA3A07A65EC48EBEA260 /* Frameworks */,
			);
			sourceTree = "<group>";
		};
		4B49612F1DE63EFA0085D4FE /* Products */ = {
			isa = PBXGroup;
			children = (
				4B49612E1DE63EFA0085D4FE /* SorghumYield.app */,
			);
			name = Products;
			sourceTree = "<group>";
		};
		4B4961301DE63EFA0085D4FE /* SorghumYield */ = {
			isa = PBXGroup;
			children = (
				4B6103871DEB356E009C9661 /* SorghumYield.entitlements */,
				4B49614F1DE648FE0085D4FE /* Convenience */,
				4B4961571DE6510A0085D4FE /* ViewControllers */,
				4B4961341DE63EFA0085D4FE /* AppDelegate.h */,
				4B4961351DE63EFA0085D4FE /* AppDelegate.m */,
				4B49613A1DE63EFA0085D4FE /* Main.storyboard */,
				4B4961401DE63EFA0085D4FE /* Assets.xcassets */,
				4B4961421DE63EFA0085D4FE /* LaunchScreen.storyboard */,
				4B4961451DE63EFA0085D4FE /* Info.plist */,
				4B394E121DEA3D39004C5E1A /* GoogleService-Info.plist */,
				4B4961311DE63EFA0085D4FE /* Supporting Files */,
			);
			path = SorghumYield;
			sourceTree = "<group>";
		};
		4B4961311DE63EFA0085D4FE /* Supporting Files */ = {
			isa = PBXGroup;
			children = (
				4B4961321DE63EFA0085D4FE /* main.m */,
			);
			name = "Supporting Files";
			sourceTree = "<group>";
		};
		4B49614B1DE640D00085D4FE /* Image Analysis */ = {
			isa = PBXGroup;
			children = (
				4B49614C1DE641590085D4FE /* ImageAnalysis.mm */,
				4B49614D1DE641590085D4FE /* ImageAnalysis.hpp */,
			);
			name = "Image Analysis";
			sourceTree = "<group>";
		};
		4B49614F1DE648FE0085D4FE /* Convenience */ = {
			isa = PBXGroup;
			children = (
				4B806B931DE6609B00768A09 /* Extensions */,
				4B4961561DE64D070085D4FE /* Buttons */,
				4B4961551DE64CFA0085D4FE /* Controller */,
			);
			name = Convenience;
			path = ..;
			sourceTree = "<group>";
		};
		4B4961551DE64CFA0085D4FE /* Controller */ = {
			isa = PBXGroup;
			children = (
				4B806B8A1DE65B3900768A09 /* BaseViewController.h */,
				4B806B8B1DE65B3900768A09 /* BaseViewController.m */,
			);
			name = Controller;
			sourceTree = "<group>";
		};
		4B4961561DE64D070085D4FE /* Buttons */ = {
			isa = PBXGroup;
			children = (
			);
			name = Buttons;
			sourceTree = "<group>";
		};
		4B4961571DE6510A0085D4FE /* ViewControllers */ = {
			isa = PBXGroup;
			children = (
				4B6647631DE9D2FC001666C3 /* Page Controller */,
				4B806B901DE65E3E00768A09 /* FieldDataViewController.h */,
				4B806B911DE65E3E00768A09 /* FieldDataViewController.m */,
				4B4961371DE63EFA0085D4FE /* IntroViewController.h */,
				4B4961381DE63EFA0085D4FE /* IntroViewController.m */,
				4B3582701DE79BF6008DE1BD /* GeoLocationViewController.h */,
				4B3582711DE79BF6008DE1BD /* GeoLocationViewController.m */,
				4B66476A1DE9F006001666C3 /* PhotoPickerViewController.h */,
				4B66476B1DE9F006001666C3 /* PhotoPickerViewController.m */,
				4B6647711DE9F0EF001666C3 /* ImageAcceptingViewController.h */,
				4B6647721DE9F0EF001666C3 /* ImageAcceptingViewController.m */,
				4B6647741DEA3370001666C3 /* ResultViewController.h */,
				4B6647751DEA3370001666C3 /* ResultViewController.m */,
				4B61038B1DEB39B7009C9661 /* AdditionalInfoTableViewController.h */,
				4B61038C1DEB39B7009C9661 /* AdditionalInfoTableViewController.m */,
			);
			name = ViewControllers;
			path = ..;
			sourceTree = "<group>";
		};
		4B6647631DE9D2FC001666C3 /* Page Controller */ = {
			isa = PBXGroup;
			children = (
				4B6647641DE9D458001666C3 /* PageContentViewController.h */,
				4B6647651DE9D458001666C3 /* PageContentViewController.m */,
				4B6647671DE9D636001666C3 /* PageRootViewController.h */,
				4B6647681DE9D636001666C3 /* PageRootViewController.m */,
			);
			name = "Page Controller";
			sourceTree = "<group>";
		};
		4B66476D1DE9F033001666C3 /* Measurement */ = {
			isa = PBXGroup;
			children = (
				4B66476E1DE9F046001666C3 /* Measurement.h */,
				4B66476F1DE9F046001666C3 /* Measurement.m */,
			);
			name = Measurement;
			sourceTree = "<group>";
		};
		4B806B6D1DE6588000768A09 /* Model */ = {
			isa = PBXGroup;
			children = (
				4B66476D1DE9F033001666C3 /* Measurement */,
				4B3582751DE79C7D008DE1BD /* GeoData */,
				4B35826C1DE77930008DE1BD /* CoreData */,
				4B806B6E1DE6588900768A09 /* Subclass */,
				4B49613D1DE63EFA0085D4FE /* SorghumYield.xcdatamodeld */,
				4B394E141DEA3D8F004C5E1A /* FirebaseManager.h */,
				4B394E151DEA3D8F004C5E1A /* FirebaseManager.m */,
			);
			name = Model;
			sourceTree = "<group>";
		};
		4B806B6E1DE6588900768A09 /* Subclass */ = {
			isa = PBXGroup;
			children = (
			);
			name = Subclass;
			sourceTree = "<group>";
		};
		4B806B931DE6609B00768A09 /* Extensions */ = {
			isa = PBXGroup;
			children = (
				4B806B941DE660C300768A09 /* UITextField+TFCustomization.h */,
				4B806B951DE6613200768A09 /* UITextField+TFCustomization.m */,
			);
			name = Extensions;
			sourceTree = "<group>";
		};
		6220F7803D13F35EB4629859 /* Pods */ = {
			isa = PBXGroup;
			children = (
				582259220ED452102DAAD6B9 /* Pods-SorghumYield.debug.xcconfig */,
				FFECF1517F7E3C44C711BE11 /* Pods-SorghumYield.release.xcconfig */,
			);
			name = Pods;
			sourceTree = "<group>";
		};
/* End PBXGroup section */

/* Begin PBXNativeTarget section */
		4B49612D1DE63EFA0085D4FE /* SorghumYield */ = {
			isa = PBXNativeTarget;
			buildConfigurationList = 4B4961481DE63EFA0085D4FE /* Build configuration list for PBXNativeTarget "SorghumYield" */;
			buildPhases = (
				EBD109D87393DD468BAFE3C9 /* [CP] Check Pods Manifest.lock */,
				4B49612A1DE63EFA0085D4FE /* Sources */,
				4B49612B1DE63EFA0085D4FE /* Frameworks */,
				4B49612C1DE63EFA0085D4FE /* Resources */,
				71AD08A04A9787E205DFFCBD /* [CP] Embed Pods Frameworks */,
				93842EA19E018D7686749814 /* [CP] Copy Pods Resources */,
			);
			buildRules = (
			);
			dependencies = (
			);
			name = SorghumYield;
			productName = SorghumYield;
			productReference = 4B49612E1DE63EFA0085D4FE /* SorghumYield.app */;
			productType = "com.apple.product-type.application";
		};
/* End PBXNativeTarget section */

/* Begin PBXProject section */
		4B4961261DE63EFA0085D4FE /* Project object */ = {
			isa = PBXProject;
			attributes = {
				LastUpgradeCheck = 0800;
				ORGANIZATIONNAME = "Robert Sebek";
				TargetAttributes = {
					4B49612D1DE63EFA0085D4FE = {
						CreatedOnToolsVersion = 8.0;
						DevelopmentTeam = 89BJZQ46QR;
						LastSwiftMigration = 0800;
						ProvisioningStyle = Automatic;
						SystemCapabilities = {
							com.apple.Keychain = {
								enabled = 1;
							};
						};
					};
				};
			};
			buildConfigurationList = 4B4961291DE63EFA0085D4FE /* Build configuration list for PBXProject "SorghumYield" */;
			compatibilityVersion = "Xcode 3.2";
			developmentRegion = English;
			hasScannedForEncodings = 0;
			knownRegions = (
				en,
				Base,
			);
			mainGroup = 4B4961251DE63EFA0085D4FE;
			productRefGroup = 4B49612F1DE63EFA0085D4FE /* Products */;
			projectDirPath = "";
			projectRoot = "";
			targets = (
				4B49612D1DE63EFA0085D4FE /* SorghumYield */,
			);
		};
/* End PBXProject section */

/* Begin PBXResourcesBuildPhase section */
		4B49612C1DE63EFA0085D4FE /* Resources */ = {
			isa = PBXResourcesBuildPhase;
			buildActionMask = 2147483647;
			files = (
				4B3582741DE79C63008DE1BD /* StateCounties.csv in Resources */,
				4B4961441DE63EFA0085D4FE /* LaunchScreen.storyboard in Resources */,
				4B3582771DE79C9A008DE1BD /* CountryList.csv in Resources */,
				4B4961411DE63EFA0085D4FE /* Assets.xcassets in Resources */,
				4B49613C1DE63EFA0085D4FE /* Main.storyboard in Resources */,
				4B394E131DEA3D39004C5E1A /* GoogleService-Info.plist in Resources */,
			);
			runOnlyForDeploymentPostprocessing = 0;
		};
/* End PBXResourcesBuildPhase section */

/* Begin PBXShellScriptBuildPhase section */
		71AD08A04A9787E205DFFCBD /* [CP] Embed Pods Frameworks */ = {
			isa = PBXShellScriptBuildPhase;
			buildActionMask = 2147483647;
			files = (
			);
			inputPaths = (
			);
			name = "[CP] Embed Pods Frameworks";
			outputPaths = (
			);
			runOnlyForDeploymentPostprocessing = 0;
			shellPath = /bin/sh;
			shellScript = "\"${SRCROOT}/Pods/Target Support Files/Pods-SorghumYield/Pods-SorghumYield-frameworks.sh\"\n";
			showEnvVarsInLog = 0;
		};
		93842EA19E018D7686749814 /* [CP] Copy Pods Resources */ = {
			isa = PBXShellScriptBuildPhase;
			buildActionMask = 2147483647;
			files = (
			);
			inputPaths = (
			);
			name = "[CP] Copy Pods Resources";
			outputPaths = (
			);
			runOnlyForDeploymentPostprocessing = 0;
			shellPath = /bin/sh;
			shellScript = "\"${SRCROOT}/Pods/Target Support Files/Pods-SorghumYield/Pods-SorghumYield-resources.sh\"\n";
			showEnvVarsInLog = 0;
		};
		EBD109D87393DD468BAFE3C9 /* [CP] Check Pods Manifest.lock */ = {
			isa = PBXShellScriptBuildPhase;
			buildActionMask = 2147483647;
			files = (
			);
			inputPaths = (
			);
			name = "[CP] Check Pods Manifest.lock";
			outputPaths = (
			);
			runOnlyForDeploymentPostprocessing = 0;
			shellPath = /bin/sh;
			shellScript = "diff \"${PODS_ROOT}/../Podfile.lock\" \"${PODS_ROOT}/Manifest.lock\" > /dev/null\nif [ $? != 0 ] ; then\n    # print error to STDERR\n    echo \"error: The sandbox is not in sync with the Podfile.lock. Run 'pod install' or update your CocoaPods installation.\" >&2\n    exit 1\nfi\n";
			showEnvVarsInLog = 0;
		};
/* End PBXShellScriptBuildPhase section */

/* Begin PBXSourcesBuildPhase section */
		4B49612A1DE63EFA0085D4FE /* Sources */ = {
			isa = PBXSourcesBuildPhase;
			buildActionMask = 2147483647;
			files = (
				4B35827A1DE79CC9008DE1BD /* GeoDataLoader.m in Sources */,
				4B4961391DE63EFA0085D4FE /* IntroViewController.m in Sources */,
				4B6647661DE9D458001666C3 /* PageContentViewController.m in Sources */,
				4B49613F1DE63EFA0085D4FE /* SorghumYield.xcdatamodeld in Sources */,
				4B4961361DE63EFA0085D4FE /* AppDelegate.m in Sources */,
				4B806B8C1DE65B3900768A09 /* BaseViewController.m in Sources */,
				4B6647731DE9F0EF001666C3 /* ImageAcceptingViewController.m in Sources */,
				4B4961331DE63EFA0085D4FE /* main.m in Sources */,
				4B394E161DEA3D8F004C5E1A /* FirebaseManager.m in Sources */,
				4B6647691DE9D636001666C3 /* PageRootViewController.m in Sources */,
				4B806B961DE6613200768A09 /* UITextField+TFCustomization.m in Sources */,
				4B66476C1DE9F006001666C3 /* PhotoPickerViewController.m in Sources */,
				4B61038D1DEB39B7009C9661 /* AdditionalInfoTableViewController.m in Sources */,
				4B49614E1DE641590085D4FE /* ImageAnalysis.mm in Sources */,
				4B3582721DE79BF6008DE1BD /* GeoLocationViewController.m in Sources */,
				4B6647701DE9F046001666C3 /* Measurement.m in Sources */,
				4B806B921DE65E3E00768A09 /* FieldDataViewController.m in Sources */,
				4B6647761DEA3370001666C3 /* ResultViewController.m in Sources */,
			);
			runOnlyForDeploymentPostprocessing = 0;
		};
/* End PBXSourcesBuildPhase section */

/* Begin PBXVariantGroup section */
		4B49613A1DE63EFA0085D4FE /* Main.storyboard */ = {
			isa = PBXVariantGroup;
			children = (
				4B49613B1DE63EFA0085D4FE /* Base */,
			);
			name = Main.storyboard;
			sourceTree = "<group>";
		};
		4B4961421DE63EFA0085D4FE /* LaunchScreen.storyboard */ = {
			isa = PBXVariantGroup;
			children = (
				4B4961431DE63EFA0085D4FE /* Base */,
			);
			name = LaunchScreen.storyboard;
			sourceTree = "<group>";
		};
/* End PBXVariantGroup section */

/* Begin XCBuildConfiguration section */
		4B4961461DE63EFA0085D4FE /* Debug */ = {
			isa = XCBuildConfiguration;
			buildSettings = {
				ALWAYS_SEARCH_USER_PATHS = NO;
				CLANG_ANALYZER_NONNULL = YES;
				CLANG_CXX_LANGUAGE_STANDARD = "gnu++0x";
				CLANG_CXX_LIBRARY = "libc++";
				CLANG_ENABLE_MODULES = YES;
				CLANG_ENABLE_OBJC_ARC = YES;
				CLANG_WARN_BOOL_CONVERSION = YES;
				CLANG_WARN_CONSTANT_CONVERSION = YES;
				CLANG_WARN_DIRECT_OBJC_ISA_USAGE = YES_ERROR;
				CLANG_WARN_DOCUMENTATION_COMMENTS = YES;
				CLANG_WARN_EMPTY_BODY = YES;
				CLANG_WARN_ENUM_CONVERSION = YES;
				CLANG_WARN_INFINITE_RECURSION = YES;
				CLANG_WARN_INT_CONVERSION = YES;
				CLANG_WARN_OBJC_ROOT_CLASS = YES_ERROR;
				CLANG_WARN_SUSPICIOUS_MOVES = YES;
				CLANG_WARN_UNREACHABLE_CODE = YES;
				CLANG_WARN__DUPLICATE_METHOD_MATCH = YES;
				"CODE_SIGN_IDENTITY[sdk=iphoneos*]" = "iPhone Developer";
				COPY_PHASE_STRIP = NO;
				DEBUG_INFORMATION_FORMAT = dwarf;
				ENABLE_STRICT_OBJC_MSGSEND = YES;
				ENABLE_TESTABILITY = YES;
				GCC_C_LANGUAGE_STANDARD = gnu99;
				GCC_DYNAMIC_NO_PIC = NO;
				GCC_NO_COMMON_BLOCKS = YES;
				GCC_OPTIMIZATION_LEVEL = 0;
				GCC_PREPROCESSOR_DEFINITIONS = (
					"DEBUG=1",
					"$(inherited)",
				);
				GCC_WARN_64_TO_32_BIT_CONVERSION = YES;
				GCC_WARN_ABOUT_RETURN_TYPE = YES_ERROR;
				GCC_WARN_UNDECLARED_SELECTOR = YES;
				GCC_WARN_UNINITIALIZED_AUTOS = YES_AGGRESSIVE;
				GCC_WARN_UNUSED_FUNCTION = YES;
				GCC_WARN_UNUSED_VARIABLE = YES;
				IPHONEOS_DEPLOYMENT_TARGET = 10.0;
				MTL_ENABLE_DEBUG_INFO = YES;
				ONLY_ACTIVE_ARCH = YES;
				SDKROOT = iphoneos;
				TARGETED_DEVICE_FAMILY = "1,2";
			};
			name = Debug;
		};
		4B4961471DE63EFA0085D4FE /* Release */ = {
			isa = XCBuildConfiguration;
			buildSettings = {
				ALWAYS_SEARCH_USER_PATHS = NO;
				CLANG_ANALYZER_NONNULL = YES;
				CLANG_CXX_LANGUAGE_STANDARD = "gnu++0x";
				CLANG_CXX_LIBRARY = "libc++";
				CLANG_ENABLE_MODULES = YES;
				CLANG_ENABLE_OBJC_ARC = YES;
				CLANG_WARN_BOOL_CONVERSION = YES;
				CLANG_WARN_CONSTANT_CONVERSION = YES;
				CLANG_WARN_DIRECT_OBJC_ISA_USAGE = YES_ERROR;
				CLANG_WARN_DOCUMENTATION_COMMENTS = YES;
				CLANG_WARN_EMPTY_BODY = YES;
				CLANG_WARN_ENUM_CONVERSION = YES;
				CLANG_WARN_INFINITE_RECURSION = YES;
				CLANG_WARN_INT_CONVERSION = YES;
				CLANG_WARN_OBJC_ROOT_CLASS = YES_ERROR;
				CLANG_WARN_SUSPICIOUS_MOVES = YES;
				CLANG_WARN_UNREACHABLE_CODE = YES;
				CLANG_WARN__DUPLICATE_METHOD_MATCH = YES;
				"CODE_SIGN_IDENTITY[sdk=iphoneos*]" = "iPhone Developer";
				COPY_PHASE_STRIP = NO;
				DEBUG_INFORMATION_FORMAT = "dwarf-with-dsym";
				ENABLE_NS_ASSERTIONS = NO;
				ENABLE_STRICT_OBJC_MSGSEND = YES;
				GCC_C_LANGUAGE_STANDARD = gnu99;
				GCC_NO_COMMON_BLOCKS = YES;
				GCC_WARN_64_TO_32_BIT_CONVERSION = YES;
				GCC_WARN_ABOUT_RETURN_TYPE = YES_ERROR;
				GCC_WARN_UNDECLARED_SELECTOR = YES;
				GCC_WARN_UNINITIALIZED_AUTOS = YES_AGGRESSIVE;
				GCC_WARN_UNUSED_FUNCTION = YES;
				GCC_WARN_UNUSED_VARIABLE = YES;
				IPHONEOS_DEPLOYMENT_TARGET = 10.0;
				MTL_ENABLE_DEBUG_INFO = NO;
				SDKROOT = iphoneos;
				TARGETED_DEVICE_FAMILY = "1,2";
				VALIDATE_PRODUCT = YES;
			};
			name = Release;
		};
		4B4961491DE63EFA0085D4FE /* Debug */ = {
			isa = XCBuildConfiguration;
			baseConfigurationReference = 582259220ED452102DAAD6B9 /* Pods-SorghumYield.debug.xcconfig */;
			buildSettings = {
				ASSETCATALOG_COMPILER_APPICON_NAME = AppIcon;
				CLANG_ENABLE_MODULES = YES;
				CODE_SIGN_ENTITLEMENTS = SorghumYield/SorghumYield.entitlements;
				DEVELOPMENT_TEAM = 89BJZQ46QR;
				ENABLE_BITCODE = NO;
				INFOPLIST_FILE = SorghumYield/Info.plist;
				LD_RUNPATH_SEARCH_PATHS = "$(inherited) @executable_path/Frameworks";
				PRODUCT_BUNDLE_IDENTIFIER = bap.SorghumYield;
				PRODUCT_NAME = "$(TARGET_NAME)";
				SWIFT_OBJC_BRIDGING_HEADER = "SorghumYield-Bridging-Header.h";
				SWIFT_OPTIMIZATION_LEVEL = "-Onone";
				SWIFT_VERSION = 3.0;
			};
			name = Debug;
		};
		4B49614A1DE63EFA0085D4FE /* Release */ = {
			isa = XCBuildConfiguration;
			baseConfigurationReference = FFECF1517F7E3C44C711BE11 /* Pods-SorghumYield.release.xcconfig */;
			buildSettings = {
				ASSETCATALOG_COMPILER_APPICON_NAME = AppIcon;
				CLANG_ENABLE_MODULES = YES;
				CODE_SIGN_ENTITLEMENTS = SorghumYield/SorghumYield.entitlements;
				DEVELOPMENT_TEAM = 89BJZQ46QR;
				ENABLE_BITCODE = NO;
				INFOPLIST_FILE = SorghumYield/Info.plist;
				LD_RUNPATH_SEARCH_PATHS = "$(inherited) @executable_path/Frameworks";
				PRODUCT_BUNDLE_IDENTIFIER = bap.SorghumYield;
				PRODUCT_NAME = "$(TARGET_NAME)";
				SWIFT_OBJC_BRIDGING_HEADER = "SorghumYield-Bridging-Header.h";
				SWIFT_VERSION = 3.0;
			};
			name = Release;
		};
/* End XCBuildConfiguration section */

/* Begin XCConfigurationList section */
		4B4961291DE63EFA0085D4FE /* Build configuration list for PBXProject "SorghumYield" */ = {
			isa = XCConfigurationList;
			buildConfigurations = (
				4B4961461DE63EFA0085D4FE /* Debug */,
				4B4961471DE63EFA0085D4FE /* Release */,
			);
			defaultConfigurationIsVisible = 0;
			defaultConfigurationName = Release;
		};
		4B4961481DE63EFA0085D4FE /* Build configuration list for PBXNativeTarget "SorghumYield" */ = {
			isa = XCConfigurationList;
			buildConfigurations = (
				4B4961491DE63EFA0085D4FE /* Debug */,
				4B49614A1DE63EFA0085D4FE /* Release */,
			);
			defaultConfigurationIsVisible = 0;
			defaultConfigurationName = Release;
		};
/* End XCConfigurationList section */

/* Begin XCVersionGroup section */
		4B49613D1DE63EFA0085D4FE /* SorghumYield.xcdatamodeld */ = {
			isa = XCVersionGroup;
			children = (
				4B49613E1DE63EFA0085D4FE /* SorghumYield.xcdatamodel */,
			);
			currentVersion = 4B49613E1DE63EFA0085D4FE /* SorghumYield.xcdatamodel */;
			name = SorghumYield.xcdatamodeld;
			path = SorghumYield/SorghumYield.xcdatamodeld;
			sourceTree = "<group>";
			versionGroupType = wrapper.xcdatamodel;
		};
/* End XCVersionGroup section */
	};
	rootObject = 4B4961261DE63EFA0085D4FE /* Project object */;
}
